
Microsoft Visual Studio Solution File, Format Version 12.00
# Visual Studio Version 17
VisualStudioVersion = 17.8.34511.84
MinimumVisualStudioVersion = 10.0.40219.1
Project("{FAE04EC0-301F-11D3-BF4B-00C04F79EFBC}") = "UsersApp", "UsersApp.csproj", "{CD8621DA-3DBD-4EF2-BDAC-407639B6F148}"
EndProject
Global
	GlobalSection(SolutionConfigurationPlatforms) = preSolution
		Debug|Any CPU = Debug|Any CPU
		Release|Any CPU = Release|Any CPU
	EndGlobalSection
	GlobalSection(ProjectConfigurationPlatforms) = postSolution
		{CD8621DA-3DBD-4EF2-BDAC-407639B6F148}.Debug|Any CPU.ActiveCfg = Debug|Any CPU
		{CD8621DA-3DBD-4EF2-BDAC-407639B6F148}.Debug|Any CPU.Build.0 = Debug|Any CPU
		{CD8621DA-3DBD-4EF2-BDAC-407639B6F148}.Release|Any CPU.ActiveCfg = Release|Any CPU
		{CD8621DA-3DBD-4EF2-BDAC-407639B6F148}.Release|Any CPU.Build.0 = Release|Any CPU
	EndGlobalSection
	GlobalSection(SolutionProperties) = preSolution
		HideSolutionNode = FALSE
	EndGlobalSection
	GlobalSection(ExtensibilityGlobals) = postSolution
		SolutionGuid = {2B2FBE71-16F3-4D83-B6FF-49FCA68A5A3A}
	EndGlobalSection
EndGlobal
